
Microsoft Visual Studio Solution File, Format Version 12.00
# Visual Studio Version 16
VisualStudioVersion = 16.0.30413.136
MinimumVisualStudioVersion = 10.0.40219.1
Project("{FAE04EC0-301F-11D3-BF4B-00C04F79EFBC}") = "TextRPG", "TextRPG\TextRPG.csproj", "{A480BE2B-E79E-4AFF-8AB2-AEB56CF3A73E}"
EndProject
Global
	GlobalSection(SolutionConfigurationPlatforms) = preSolution
		Debug|Any CPU = Debug|Any CPU
		Release|Any CPU = Release|Any CPU
	EndGlobalSection
	GlobalSection(ProjectConfigurationPlatforms) = postSolution
		{A480BE2B-E79E-4AFF-8AB2-AEB56CF3A73E}.Debug|Any CPU.ActiveCfg = Debug|Any CPU
		{A480BE2B-E79E-4AFF-8AB2-AEB56CF3A73E}.Debug|Any CPU.Build.0 = Debug|Any CPU
		{A480BE2B-E79E-4AFF-8AB2-AEB56CF3A73E}.Release|Any CPU.ActiveCfg = Release|Any CPU
		{A480BE2B-E79E-4AFF-8AB2-AEB56CF3A73E}.Release|Any CPU.Build.0 = Release|Any CPU
	EndGlobalSection
	GlobalSection(SolutionProperties) = preSolution
		HideSolutionNode = FALSE
	EndGlobalSection
	GlobalSection(ExtensibilityGlobals) = postSolution
		SolutionGuid = {D0D20EE1-B810-40DC-B15D-84A6BDE2699D}
	EndGlobalSection
EndGlobal
